
Microsoft Visual Studio Solution File, Format Version 12.00
# Visual Studio Version 16
VisualStudioVersion = 16.0.31624.102
MinimumVisualStudioVersion = 10.0.40219.1
Project("{FAE04EC0-301F-11D3-BF4B-00C04F79EFBC}") = "ParProgrammering", "ParProgrammering\ParProgrammering.csproj", "{FB0C3092-A144-4A8B-9882-706F81B31C92}"
EndProject
Project("{FAE04EC0-301F-11D3-BF4B-00C04F79EFBC}") = "ParProgrammeringTests", "ParProgrammeringTests\ParProgrammeringTests.csproj", "{1CD76FCA-9F79-4CB1-B796-05C15B54CF49}"
EndProject
Global
	GlobalSection(SolutionConfigurationPlatforms) = preSolution
		Debug|Any CPU = Debug|Any CPU
		Release|Any CPU = Release|Any CPU
	EndGlobalSection
	GlobalSection(ProjectConfigurationPlatforms) = postSolution
		{FB0C3092-A144-4A8B-9882-706F81B31C92}.Debug|Any CPU.ActiveCfg = Debug|Any CPU
		{FB0C3092-A144-4A8B-9882-706F81B31C92}.Debug|Any CPU.Build.0 = Debug|Any CPU
		{FB0C3092-A144-4A8B-9882-706F81B31C92}.Release|Any CPU.ActiveCfg = Release|Any CPU
		{FB0C3092-A144-4A8B-9882-706F81B31C92}.Release|Any CPU.Build.0 = Release|Any CPU
		{1CD76FCA-9F79-4CB1-B796-05C15B54CF49}.Debug|Any CPU.ActiveCfg = Debug|Any CPU
		{1CD76FCA-9F79-4CB1-B796-05C15B54CF49}.Debug|Any CPU.Build.0 = Debug|Any CPU
		{1CD76FCA-9F79-4CB1-B796-05C15B54CF49}.Release|Any CPU.ActiveCfg = Release|Any CPU
		{1CD76FCA-9F79-4CB1-B796-05C15B54CF49}.Release|Any CPU.Build.0 = Release|Any CPU
	EndGlobalSection
	GlobalSection(SolutionProperties) = preSolution
		HideSolutionNode = FALSE
	EndGlobalSection
	GlobalSection(ExtensibilityGlobals) = postSolution
		SolutionGuid = {C4E17F0E-ED65-43CA-9DB3-0F6B85695806}
	EndGlobalSection
EndGlobal
